// !$*UTF8*$!
{
	archiveVersion = 1;
	classes = {
	};
	objectVersion = 42;
	objects = {

/* Begin PBXAggregateTarget section */
		40C44ADC0E3798F4008FCC51 /* Version Info */ = {
			isa = PBXAggregateTarget;
			buildConfigurationList = 40C44AE40E379905008FCC51 /* Build configuration list for PBXAggregateTarget "Version Info" */;
			buildPhases = (
				40C44ADB0E3798F4008FCC51 /* Generate Version.h */,
			);
			comments = "The generation of Version.h must be performed in its own target. Since the Info.plist is preprocessed before any of the other build phases in gtest, the Version.h file would not be ready if included as a build phase of that target.";
			dependencies = (
			);
			name = "Version Info";
			productName = Version.h;
		};
/* End PBXAggregateTarget section */

/* Begin PBXBuildFile section */
		404884380E2F799B00CF7658 /* gtest-death-test.h in Headers */ = {isa = PBXBuildFile; fileRef = 404883DB0E2F799B00CF7658 /* gtest-death-test.h */; settings = {ATTRIBUTES = (Public, ); }; };
		404884390E2F799B00CF7658 /* gtest-message.h in Headers */ = {isa = PBXBuildFile; fileRef = 404883DC0E2F799B00CF7658 /* gtest-message.h */; settings = {ATTRIBUTES = (Public, ); }; };
		4048843A0E2F799B00CF7658 /* gtest-spi.h in Headers */ = {isa = PBXBuildFile; fileRef = 404883DD0E2F799B00CF7658 /* gtest-spi.h */; settings = {ATTRIBUTES = (Public, ); }; };
		4048843B0E2F799B00CF7658 /* gtest.h in Headers */ = {isa = PBXBuildFile; fileRef = 404883DE0E2F799B00CF7658 /* gtest.h */; settings = {ATTRIBUTES = (Public, ); }; };
		4048843C0E2F799B00CF7658 /* gtest_pred_impl.h in Headers */ = {isa = PBXBuildFile; fileRef = 404883DF0E2F799B00CF7658 /* gtest_pred_impl.h */; settings = {ATTRIBUTES = (Public, ); }; };
		4048843D0E2F799B00CF7658 /* gtest_prod.h in Headers */ = {isa = PBXBuildFile; fileRef = 404883E00E2F799B00CF7658 /* gtest_prod.h */; settings = {ATTRIBUTES = (Public, ); }; };
		404884500E2F799B00CF7658 /* README in Resources */ = {isa = PBXBuildFile; fileRef = 404883F60E2F799B00CF7658 /* README */; };
		4048845F0E2F799B00CF7658 /* gtest-death-test.cc in Sources */ = {isa = PBXBuildFile; fileRef = 404884080E2F799B00CF7658 /* gtest-death-test.cc */; };
		404884600E2F799B00CF7658 /* gtest-filepath.cc in Sources */ = {isa = PBXBuildFile; fileRef = 404884090E2F799B00CF7658 /* gtest-filepath.cc */; };
		404884620E2F799B00CF7658 /* gtest-port.cc in Sources */ = {isa = PBXBuildFile; fileRef = 4048840B0E2F799B00CF7658 /* gtest-port.cc */; };
		404884630E2F799B00CF7658 /* gtest.cc in Sources */ = {isa = PBXBuildFile; fileRef = 4048840C0E2F799B00CF7658 /* gtest.cc */; };
		404884640E2F799B00CF7658 /* gtest_main.cc in Sources */ = {isa = PBXBuildFile; fileRef = 4048840D0E2F799B00CF7658 /* gtest_main.cc */; };
		404884A00E2F7BE600CF7658 /* gtest-death-test-internal.h in Copy Headers Internal */ = {isa = PBXBuildFile; fileRef = 404883E20E2F799B00CF7658 /* gtest-death-test-internal.h */; };
		404884A10E2F7BE600CF7658 /* gtest-filepath.h in Copy Headers Internal */ = {isa = PBXBuildFile; fileRef = 404883E30E2F799B00CF7658 /* gtest-filepath.h */; };
		404884A20E2F7BE600CF7658 /* gtest-internal.h in Copy Headers Internal */ = {isa = PBXBuildFile; fileRef = 404883E40E2F799B00CF7658 /* gtest-internal.h */; };
		404884A30E2F7BE600CF7658 /* gtest-port.h in Copy Headers Internal */ = {isa = PBXBuildFile; fileRef = 404883E50E2F799B00CF7658 /* gtest-port.h */; };
		404884A40E2F7BE600CF7658 /* gtest-string.h in Copy Headers Internal */ = {isa = PBXBuildFile; fileRef = 404883E60E2F799B00CF7658 /* gtest-string.h */; };
		404884AC0E2F7CD900CF7658 /* CHANGES in Resources */ = {isa = PBXBuildFile; fileRef = 404884A90E2F7CD900CF7658 /* CHANGES */; };
		404884AD0E2F7CD900CF7658 /* CONTRIBUTORS in Resources */ = {isa = PBXBuildFile; fileRef = 404884AA0E2F7CD900CF7658 /* CONTRIBUTORS */; };
		404884AE0E2F7CD900CF7658 /* COPYING in Resources */ = {isa = PBXBuildFile; fileRef = 404884AB0E2F7CD900CF7658 /* COPYING */; };
		404885990E2F816100CF7658 /* sample1.cc in Sources */ = {isa = PBXBuildFile; fileRef = 404883F80E2F799B00CF7658 /* sample1.cc */; };
		4048859B0E2F816100CF7658 /* sample1_unittest.cc in Sources */ = {isa = PBXBuildFile; fileRef = 404883FA0E2F799B00CF7658 /* sample1_unittest.cc */; };
		404885A90E2F825800CF7658 /* gtest.framework in Frameworks */ = {isa = PBXBuildFile; fileRef = 8D07F2C80486CC7A007CD1D0 /* gtest.framework */; };
		404885B70E2F82BA00CF7658 /* gtest.framework in Frameworks */ = {isa = PBXBuildFile; fileRef = 8D07F2C80486CC7A007CD1D0 /* gtest.framework */; };
		404885CF0E2F82F000CF7658 /* sample2.cc in Sources */ = {isa = PBXBuildFile; fileRef = 404883FB0E2F799B00CF7658 /* sample2.cc */; };
		404885D00E2F82F000CF7658 /* sample2_unittest.cc in Sources */ = {isa = PBXBuildFile; fileRef = 404883FD0E2F799B00CF7658 /* sample2_unittest.cc */; };
		404885DB0E2F832A00CF7658 /* gtest.framework in Frameworks */ = {isa = PBXBuildFile; fileRef = 8D07F2C80486CC7A007CD1D0 /* gtest.framework */; };
		404885E80E2F833000CF7658 /* gtest.framework in Frameworks */ = {isa = PBXBuildFile; fileRef = 8D07F2C80486CC7A007CD1D0 /* gtest.framework */; };
		404885F50E2F833400CF7658 /* gtest.framework in Frameworks */ = {isa = PBXBuildFile; fileRef = 8D07F2C80486CC7A007CD1D0 /* gtest.framework */; };
		404886050E2F83DF00CF7658 /* sample3_unittest.cc in Sources */ = {isa = PBXBuildFile; fileRef = 404883FF0E2F799B00CF7658 /* sample3_unittest.cc */; };
		404886080E2F840300CF7658 /* sample4.cc in Sources */ = {isa = PBXBuildFile; fileRef = 404884000E2F799B00CF7658 /* sample4.cc */; };
		404886090E2F840300CF7658 /* sample4_unittest.cc in Sources */ = {isa = PBXBuildFile; fileRef = 404884020E2F799B00CF7658 /* sample4_unittest.cc */; };
		4048860C0E2F840E00CF7658 /* sample5_unittest.cc in Sources */ = {isa = PBXBuildFile; fileRef = 404884030E2F799B00CF7658 /* sample5_unittest.cc */; };
		404886140E2F849100CF7658 /* sample1.cc in Sources */ = {isa = PBXBuildFile; fileRef = 404883F80E2F799B00CF7658 /* sample1.cc */; };
/* End PBXBuildFile section */

/* Begin PBXContainerItemProxy section */
		404885A70E2F824900CF7658 /* PBXContainerItemProxy */ = {
			isa = PBXContainerItemProxy;
			containerPortal = 0867D690FE84028FC02AAC07 /* Project object */;
			proxyType = 1;
			remoteGlobalIDString = 8D07F2BC0486CC7A007CD1D0;
			remoteInfo = gtest;
		};
		404885B20E2F82BA00CF7658 /* PBXContainerItemProxy */ = {
			isa = PBXContainerItemProxy;
			containerPortal = 0867D690FE84028FC02AAC07 /* Project object */;
			proxyType = 1;
			remoteGlobalIDString = 8D07F2BC0486CC7A007CD1D0;
			remoteInfo = gtest;
		};
		404885D60E2F832A00CF7658 /* PBXContainerItemProxy */ = {
			isa = PBXContainerItemProxy;
			containerPortal = 0867D690FE84028FC02AAC07 /* Project object */;
			proxyType = 1;
			remoteGlobalIDString = 8D07F2BC0486CC7A007CD1D0;
			remoteInfo = gtest;
		};
		404885E30E2F833000CF7658 /* PBXContainerItemProxy */ = {
			isa = PBXContainerItemProxy;
			containerPortal = 0867D690FE84028FC02AAC07 /* Project object */;
			proxyType = 1;
			remoteGlobalIDString = 8D07F2BC0486CC7A007CD1D0;
			remoteInfo = gtest;
		};
		404885F00E2F833400CF7658 /* PBXContainerItemProxy */ = {
			isa = PBXContainerItemProxy;
			containerPortal = 0867D690FE84028FC02AAC07 /* Project object */;
			proxyType = 1;
			remoteGlobalIDString = 8D07F2BC0486CC7A007CD1D0;
			remoteInfo = gtest;
		};
		40C44AE50E379922008FCC51 /* PBXContainerItemProxy */ = {
			isa = PBXContainerItemProxy;
			containerPortal = 0867D690FE84028FC02AAC07 /* Project object */;
			proxyType = 1;
			remoteGlobalIDString = 40C44ADC0E3798F4008FCC51 /* Version.h */;
			remoteInfo = Version.h;
		};
/* End PBXContainerItemProxy section */

/* Begin PBXCopyFilesBuildPhase section */
		404884A50E2F7C0400CF7658 /* Copy Headers Internal */ = {
			isa = PBXCopyFilesBuildPhase;
			buildActionMask = 2147483647;
			dstPath = Headers/internal;
			dstSubfolderSpec = 6;
			files = (
				404884A00E2F7BE600CF7658 /* gtest-death-test-internal.h in Copy Headers Internal */,
				404884A10E2F7BE600CF7658 /* gtest-filepath.h in Copy Headers Internal */,
				404884A20E2F7BE600CF7658 /* gtest-internal.h in Copy Headers Internal */,
				404884A30E2F7BE600CF7658 /* gtest-port.h in Copy Headers Internal */,
				404884A40E2F7BE600CF7658 /* gtest-string.h in Copy Headers Internal */,
			);
			name = "Copy Headers Internal";
			runOnlyForDeploymentPostprocessing = 0;
		};
/* End PBXCopyFilesBuildPhase section */

/* Begin PBXFileReference section */
		403EE37C0E377822004BD1E2 /* versiongenerate.py */ = {isa = PBXFileReference; fileEncoding = 4; lastKnownFileType = text.script.python; path = versiongenerate.py; sourceTree = "<group>"; };
		404883DB0E2F799B00CF7658 /* gtest-death-test.h */ = {isa = PBXFileReference; fileEncoding = 4; lastKnownFileType = sourcecode.c.h; path = "gtest-death-test.h"; sourceTree = "<group>"; };
		404883DC0E2F799B00CF7658 /* gtest-message.h */ = {isa = PBXFileReference; fileEncoding = 4; lastKnownFileType = sourcecode.c.h; path = "gtest-message.h"; sourceTree = "<group>"; };
		404883DD0E2F799B00CF7658 /* gtest-spi.h */ = {isa = PBXFileReference; fileEncoding = 4; lastKnownFileType = sourcecode.c.h; path = "gtest-spi.h"; sourceTree = "<group>"; };
		404883DE0E2F799B00CF7658 /* gtest.h */ = {isa = PBXFileReference; fileEncoding = 4; lastKnownFileType = sourcecode.c.h; path = gtest.h; sourceTree = "<group>"; };
		404883DF0E2F799B00CF7658 /* gtest_pred_impl.h */ = {isa = PBXFileReference; fileEncoding = 4; lastKnownFileType = sourcecode.c.h; path = gtest_pred_impl.h; sourceTree = "<group>"; };
		404883E00E2F799B00CF7658 /* gtest_prod.h */ = {isa = PBXFileReference; fileEncoding = 4; lastKnownFileType = sourcecode.c.h; path = gtest_prod.h; sourceTree = "<group>"; };
		404883E20E2F799B00CF7658 /* gtest-death-test-internal.h */ = {isa = PBXFileReference; fileEncoding = 4; lastKnownFileType = sourcecode.c.h; path = "gtest-death-test-internal.h"; sourceTree = "<group>"; };
		404883E30E2F799B00CF7658 /* gtest-filepath.h */ = {isa = PBXFileReference; fileEncoding = 4; lastKnownFileType = sourcecode.c.h; path = "gtest-filepath.h"; sourceTree = "<group>"; };
		404883E40E2F799B00CF7658 /* gtest-internal.h */ = {isa = PBXFileReference; fileEncoding = 4; lastKnownFileType = sourcecode.c.h; path = "gtest-internal.h"; sourceTree = "<group>"; };
		404883E50E2F799B00CF7658 /* gtest-port.h */ = {isa = PBXFileReference; fileEncoding = 4; lastKnownFileType = sourcecode.c.h; path = "gtest-port.h"; sourceTree = "<group>"; };
		404883E60E2F799B00CF7658 /* gtest-string.h */ = {isa = PBXFileReference; fileEncoding = 4; lastKnownFileType = sourcecode.c.h; path = "gtest-string.h"; sourceTree = "<group>"; };
		404883F60E2F799B00CF7658 /* README */ = {isa = PBXFileReference; fileEncoding = 4; lastKnownFileType = text; name = README; path = ../README; sourceTree = SOURCE_ROOT; };
		404883F80E2F799B00CF7658 /* sample1.cc */ = {isa = PBXFileReference; fileEncoding = 4; lastKnownFileType = sourcecode.cpp.cpp; path = sample1.cc; sourceTree = "<group>"; };
		404883F90E2F799B00CF7658 /* sample1.h */ = {isa = PBXFileReference; fileEncoding = 4; lastKnownFileType = sourcecode.c.h; path = sample1.h; sourceTree = "<group>"; };
		404883FA0E2F799B00CF7658 /* sample1_unittest.cc */ = {isa = PBXFileReference; fileEncoding = 4; lastKnownFileType = sourcecode.cpp.cpp; path = sample1_unittest.cc; sourceTree = "<group>"; };
		404883FB0E2F799B00CF7658 /* sample2.cc */ = {isa = PBXFileReference; fileEncoding = 4; lastKnownFileType = sourcecode.cpp.cpp; path = sample2.cc; sourceTree = "<group>"; };
		404883FC0E2F799B00CF7658 /* sample2.h */ = {isa = PBXFileReference; fileEncoding = 4; lastKnownFileType = sourcecode.c.h; path = sample2.h; sourceTree = "<group>"; };
		404883FD0E2F799B00CF7658 /* sample2_unittest.cc */ = {isa = PBXFileReference; fileEncoding = 4; lastKnownFileType = sourcecode.cpp.cpp; path = sample2_unittest.cc; sourceTree = "<group>"; };
		404883FE0E2F799B00CF7658 /* sample3-inl.h */ = {isa = PBXFileReference; fileEncoding = 4; lastKnownFileType = sourcecode.c.h; path = "sample3-inl.h"; sourceTree = "<group>"; };
		404883FF0E2F799B00CF7658 /* sample3_unittest.cc */ = {isa = PBXFileReference; fileEncoding = 4; lastKnownFileType = sourcecode.cpp.cpp; path = sample3_unittest.cc; sourceTree = "<group>"; };
		404884000E2F799B00CF7658 /* sample4.cc */ = {isa = PBXFileReference; fileEncoding = 4; lastKnownFileType = sourcecode.cpp.cpp; path = sample4.cc; sourceTree = "<group>"; };
		404884010E2F799B00CF7658 /* sample4.h */ = {isa = PBXFileReference; fileEncoding = 4; lastKnownFileType = sourcecode.c.h; path = sample4.h; sourceTree = "<group>"; };
		404884020E2F799B00CF7658 /* sample4_unittest.cc */ = {isa = PBXFileReference; fileEncoding = 4; lastKnownFileType = sourcecode.cpp.cpp; path = sample4_unittest.cc; sourceTree = "<group>"; };
		404884030E2F799B00CF7658 /* sample5_unittest.cc */ = {isa = PBXFileReference; fileEncoding = 4; lastKnownFileType = sourcecode.cpp.cpp; path = sample5_unittest.cc; sourceTree = "<group>"; };
		404884080E2F799B00CF7658 /* gtest-death-test.cc */ = {isa = PBXFileReference; fileEncoding = 4; lastKnownFileType = sourcecode.cpp.cpp; path = "gtest-death-test.cc"; sourceTree = "<group>"; };
		404884090E2F799B00CF7658 /* gtest-filepath.cc */ = {isa = PBXFileReference; fileEncoding = 4; lastKnownFileType = sourcecode.cpp.cpp; path = "gtest-filepath.cc"; sourceTree = "<group>"; };
		4048840A0E2F799B00CF7658 /* gtest-internal-inl.h */ = {isa = PBXFileReference; fileEncoding = 4; lastKnownFileType = sourcecode.c.h; path = "gtest-internal-inl.h"; sourceTree = "<group>"; };
		4048840B0E2F799B00CF7658 /* gtest-port.cc */ = {isa = PBXFileReference; fileEncoding = 4; lastKnownFileType = sourcecode.cpp.cpp; path = "gtest-port.cc"; sourceTree = "<group>"; };
		4048840C0E2F799B00CF7658 /* gtest.cc */ = {isa = PBXFileReference; fileEncoding = 4; lastKnownFileType = sourcecode.cpp.cpp; path = gtest.cc; sourceTree = "<group>"; };
		4048840D0E2F799B00CF7658 /* gtest_main.cc */ = {isa = PBXFileReference; fileEncoding = 4; lastKnownFileType = sourcecode.cpp.cpp; path = gtest_main.cc; sourceTree = "<group>"; };
		404884A90E2F7CD900CF7658 /* CHANGES */ = {isa = PBXFileReference; fileEncoding = 4; lastKnownFileType = text; name = CHANGES; path = ../CHANGES; sourceTree = SOURCE_ROOT; };
		404884AA0E2F7CD900CF7658 /* CONTRIBUTORS */ = {isa = PBXFileReference; fileEncoding = 4; lastKnownFileType = text; name = CONTRIBUTORS; path = ../CONTRIBUTORS; sourceTree = SOURCE_ROOT; };
		404884AB0E2F7CD900CF7658 /* COPYING */ = {isa = PBXFileReference; fileEncoding = 4; lastKnownFileType = text; name = COPYING; path = ../COPYING; sourceTree = SOURCE_ROOT; };
		404885930E2F814C00CF7658 /* sample1 */ = {isa = PBXFileReference; explicitFileType = "compiled.mach-o.executable"; includeInIndex = 0; path = sample1; sourceTree = BUILT_PRODUCTS_DIR; };
		404885BB0E2F82BA00CF7658 /* sample3 */ = {isa = PBXFileReference; explicitFileType = "compiled.mach-o.executable"; includeInIndex = 0; path = sample3; sourceTree = BUILT_PRODUCTS_DIR; };
		404885DF0E2F832A00CF7658 /* sample3 */ = {isa = PBXFileReference; explicitFileType = "compiled.mach-o.executable"; includeInIndex = 0; path = sample3; sourceTree = BUILT_PRODUCTS_DIR; };
		404885EC0E2F833000CF7658 /* sample4 */ = {isa = PBXFileReference; explicitFileType = "compiled.mach-o.executable"; includeInIndex = 0; path = sample4; sourceTree = BUILT_PRODUCTS_DIR; };
		404885F90E2F833400CF7658 /* sample5 */ = {isa = PBXFileReference; explicitFileType = "compiled.mach-o.executable"; includeInIndex = 0; path = sample5; sourceTree = BUILT_PRODUCTS_DIR; };
		40D4CDF10E30E07400294801 /* DebugProject.xcconfig */ = {isa = PBXFileReference; fileEncoding = 4; lastKnownFileType = text.xcconfig; path = DebugProject.xcconfig; sourceTree = "<group>"; };
		40D4CDF20E30E07400294801 /* FrameworkTarget.xcconfig */ = {isa = PBXFileReference; fileEncoding = 4; lastKnownFileType = text.xcconfig; path = FrameworkTarget.xcconfig; sourceTree = "<group>"; };
		40D4CDF30E30E07400294801 /* General.xcconfig */ = {isa = PBXFileReference; fileEncoding = 4; lastKnownFileType = text.xcconfig; path = General.xcconfig; sourceTree = "<group>"; };
		40D4CDF40E30E07400294801 /* ReleaseProject.xcconfig */ = {isa = PBXFileReference; fileEncoding = 4; lastKnownFileType = text.xcconfig; path = ReleaseProject.xcconfig; sourceTree = "<group>"; };
		40D4CF510E30F5E200294801 /* Info.plist */ = {isa = PBXFileReference; explicitFileType = text.plist.xml; fileEncoding = 4; path = Info.plist; sourceTree = "<group>"; };
		8D07F2C80486CC7A007CD1D0 /* gtest.framework */ = {isa = PBXFileReference; explicitFileType = wrapper.framework; includeInIndex = 0; path = gtest.framework; sourceTree = BUILT_PRODUCTS_DIR; };
/* End PBXFileReference section */

/* Begin PBXFrameworksBuildPhase section */
		404885910E2F814C00CF7658 /* Frameworks */ = {
			isa = PBXFrameworksBuildPhase;
			buildActionMask = 2147483647;
			files = (
				404885A90E2F825800CF7658 /* gtest.framework in Frameworks */,
			);
			runOnlyForDeploymentPostprocessing = 0;
		};
		404885B60E2F82BA00CF7658 /* Frameworks */ = {
			isa = PBXFrameworksBuildPhase;
			buildActionMask = 2147483647;
			files = (
				404885B70E2F82BA00CF7658 /* gtest.framework in Frameworks */,
			);
			runOnlyForDeploymentPostprocessing = 0;
		};
		404885DA0E2F832A00CF7658 /* Frameworks */ = {
			isa = PBXFrameworksBuildPhase;
			buildActionMask = 2147483647;
			files = (
				404885DB0E2F832A00CF7658 /* gtest.framework in Frameworks */,
			);
			runOnlyForDeploymentPostprocessing = 0;
		};
		404885E70E2F833000CF7658 /* Frameworks */ = {
			isa = PBXFrameworksBuildPhase;
			buildActionMask = 2147483647;
			files = (
				404885E80E2F833000CF7658 /* gtest.framework in Frameworks */,
			);
			runOnlyForDeploymentPostprocessing = 0;
		};
		404885F40E2F833400CF7658 /* Frameworks */ = {
			isa = PBXFrameworksBuildPhase;
			buildActionMask = 2147483647;
			files = (
				404885F50E2F833400CF7658 /* gtest.framework in Frameworks */,
			);
			runOnlyForDeploymentPostprocessing = 0;
		};
		8D07F2C30486CC7A007CD1D0 /* Frameworks */ = {
			isa = PBXFrameworksBuildPhase;
			buildActionMask = 2147483647;
			files = (
			);
			runOnlyForDeploymentPostprocessing = 0;
		};
/* End PBXFrameworksBuildPhase section */

/* Begin PBXGroup section */
		034768DDFF38A45A11DB9C8B /* Products */ = {
			isa = PBXGroup;
			children = (
				8D07F2C80486CC7A007CD1D0 /* gtest.framework */,
				404885930E2F814C00CF7658 /* sample1 */,
				404885BB0E2F82BA00CF7658 /* sample3 */,
				404885DF0E2F832A00CF7658 /* sample3 */,
				404885EC0E2F833000CF7658 /* sample4 */,
				404885F90E2F833400CF7658 /* sample5 */,
			);
			name = Products;
			sourceTree = "<group>";
		};
		0867D691FE84028FC02AAC07 /* gtest */ = {
			isa = PBXGroup;
			children = (
				40D4CDF00E30E07400294801 /* Config */,
				08FB77ACFE841707C02AAC07 /* Source */,
				40D4CF4E0E30F5E200294801 /* Resources */,
				403EE37B0E377822004BD1E2 /* Scripts */,
				034768DDFF38A45A11DB9C8B /* Products */,
			);
			name = gtest;
			sourceTree = "<group>";
		};
		08FB77ACFE841707C02AAC07 /* Source */ = {
			isa = PBXGroup;
			children = (
				404884A90E2F7CD900CF7658 /* CHANGES */,
				404884AA0E2F7CD900CF7658 /* CONTRIBUTORS */,
				404884AB0E2F7CD900CF7658 /* COPYING */,
				404883F60E2F799B00CF7658 /* README */,
				404883D90E2F799B00CF7658 /* include */,
				404883F70E2F799B00CF7658 /* samples */,
				404884070E2F799B00CF7658 /* src */,
			);
			name = Source;
			sourceTree = "<group>";
		};
		403EE37B0E377822004BD1E2 /* Scripts */ = {
			isa = PBXGroup;
			children = (
				403EE37C0E377822004BD1E2 /* versiongenerate.py */,
			);
			path = Scripts;
			sourceTree = "<group>";
		};
		404883D90E2F799B00CF7658 /* include */ = {
			isa = PBXGroup;
			children = (
				404883DA0E2F799B00CF7658 /* gtest */,
			);
			name = include;
			path = ../include;
			sourceTree = SOURCE_ROOT;
		};
		404883DA0E2F799B00CF7658 /* gtest */ = {
			isa = PBXGroup;
			children = (
				404883DB0E2F799B00CF7658 /* gtest-death-test.h */,
				404883DC0E2F799B00CF7658 /* gtest-message.h */,
				404883DD0E2F799B00CF7658 /* gtest-spi.h */,
				404883DE0E2F799B00CF7658 /* gtest.h */,
				404883DF0E2F799B00CF7658 /* gtest_pred_impl.h */,
				404883E00E2F799B00CF7658 /* gtest_prod.h */,
				404883E10E2F799B00CF7658 /* internal */,
			);
			path = gtest;
			sourceTree = "<group>";
		};
		404883E10E2F799B00CF7658 /* internal */ = {
			isa = PBXGroup;
			children = (
				404883E20E2F799B00CF7658 /* gtest-death-test-internal.h */,
				404883E30E2F799B00CF7658 /* gtest-filepath.h */,
				404883E40E2F799B00CF7658 /* gtest-internal.h */,
				404883E50E2F799B00CF7658 /* gtest-port.h */,
				404883E60E2F799B00CF7658 /* gtest-string.h */,
			);
			path = internal;
			sourceTree = "<group>";
		};
		404883F70E2F799B00CF7658 /* samples */ = {
			isa = PBXGroup;
			children = (
				404883F80E2F799B00CF7658 /* sample1.cc */,
				404883F90E2F799B00CF7658 /* sample1.h */,
				404883FA0E2F799B00CF7658 /* sample1_unittest.cc */,
				404883FB0E2F799B00CF7658 /* sample2.cc */,
				404883FC0E2F799B00CF7658 /* sample2.h */,
				404883FD0E2F799B00CF7658 /* sample2_unittest.cc */,
				404883FE0E2F799B00CF7658 /* sample3-inl.h */,
				404883FF0E2F799B00CF7658 /* sample3_unittest.cc */,
				404884000E2F799B00CF7658 /* sample4.cc */,
				404884010E2F799B00CF7658 /* sample4.h */,
				404884020E2F799B00CF7658 /* sample4_unittest.cc */,
				404884030E2F799B00CF7658 /* sample5_unittest.cc */,
			);
			name = samples;
			path = ../samples;
			sourceTree = SOURCE_ROOT;
		};
		404884070E2F799B00CF7658 /* src */ = {
			isa = PBXGroup;
			children = (
				404884080E2F799B00CF7658 /* gtest-death-test.cc */,
				404884090E2F799B00CF7658 /* gtest-filepath.cc */,
				4048840A0E2F799B00CF7658 /* gtest-internal-inl.h */,
				4048840B0E2F799B00CF7658 /* gtest-port.cc */,
				4048840C0E2F799B00CF7658 /* gtest.cc */,
				4048840D0E2F799B00CF7658 /* gtest_main.cc */,
			);
			name = src;
			path = ../src;
			sourceTree = SOURCE_ROOT;
		};
		40D4CDF00E30E07400294801 /* Config */ = {
			isa = PBXGroup;
			children = (
				40D4CDF10E30E07400294801 /* DebugProject.xcconfig */,
				40D4CDF20E30E07400294801 /* FrameworkTarget.xcconfig */,
				40D4CDF30E30E07400294801 /* General.xcconfig */,
				40D4CDF40E30E07400294801 /* ReleaseProject.xcconfig */,
			);
			path = Config;
			sourceTree = "<group>";
		};
		40D4CF4E0E30F5E200294801 /* Resources */ = {
			isa = PBXGroup;
			children = (
				40D4CF510E30F5E200294801 /* Info.plist */,
			);
			path = Resources;
			sourceTree = "<group>";
		};
/* End PBXGroup section */

/* Begin PBXHeadersBuildPhase section */
		8D07F2BD0486CC7A007CD1D0 /* Headers */ = {
			isa = PBXHeadersBuildPhase;
			buildActionMask = 2147483647;
			files = (
				404884380E2F799B00CF7658 /* gtest-death-test.h in Headers */,
				404884390E2F799B00CF7658 /* gtest-message.h in Headers */,
				4048843A0E2F799B00CF7658 /* gtest-spi.h in Headers */,
				4048843B0E2F799B00CF7658 /* gtest.h in Headers */,
				4048843C0E2F799B00CF7658 /* gtest_pred_impl.h in Headers */,
				4048843D0E2F799B00CF7658 /* gtest_prod.h in Headers */,
			);
			runOnlyForDeploymentPostprocessing = 0;
		};
/* End PBXHeadersBuildPhase section */

/* Begin PBXNativeTarget section */
		404885920E2F814C00CF7658 /* sample1 */ = {
			isa = PBXNativeTarget;
			buildConfigurationList = 4048859E0E2F818900CF7658 /* Build configuration list for PBXNativeTarget "sample1" */;
			buildPhases = (
				404885900E2F814C00CF7658 /* Sources */,
				404885910E2F814C00CF7658 /* Frameworks */,
			);
			buildRules = (
			);
			dependencies = (
				404885A80E2F824900CF7658 /* PBXTargetDependency */,
			);
			name = sample1;
			productName = sample1;
			productReference = 404885930E2F814C00CF7658 /* sample1 */;
			productType = "com.apple.product-type.tool";
		};
		404885B00E2F82BA00CF7658 /* sample2 */ = {
			isa = PBXNativeTarget;
			buildConfigurationList = 404885B80E2F82BA00CF7658 /* Build configuration list for PBXNativeTarget "sample2" */;
			buildPhases = (
				404885B30E2F82BA00CF7658 /* Sources */,
				404885B60E2F82BA00CF7658 /* Frameworks */,
			);
			buildRules = (
			);
			dependencies = (
				404885B10E2F82BA00CF7658 /* PBXTargetDependency */,
			);
			name = sample2;
			productName = sample1;
			productReference = 404885BB0E2F82BA00CF7658 /* sample3 */;
			productType = "com.apple.product-type.tool";
		};
		404885D40E2F832A00CF7658 /* sample3 */ = {
			isa = PBXNativeTarget;
			buildConfigurationList = 404885DC0E2F832A00CF7658 /* Build configuration list for PBXNativeTarget "sample3" */;
			buildPhases = (
				404885D70E2F832A00CF7658 /* Sources */,
				404885DA0E2F832A00CF7658 /* Frameworks */,
			);
			buildRules = (
			);
			dependencies = (
				404885D50E2F832A00CF7658 /* PBXTargetDependency */,
			);
			name = sample3;
			productName = sample1;
			productReference = 404885DF0E2F832A00CF7658 /* sample3 */;
			productType = "com.apple.product-type.tool";
		};
		404885E10E2F833000CF7658 /* sample4 */ = {
			isa = PBXNativeTarget;
			buildConfigurationList = 404885E90E2F833000CF7658 /* Build configuration list for PBXNativeTarget "sample4" */;
			buildPhases = (
				404885E40E2F833000CF7658 /* Sources */,
				404885E70E2F833000CF7658 /* Frameworks */,
			);
			buildRules = (
			);
			dependencies = (
				404885E20E2F833000CF7658 /* PBXTargetDependency */,
			);
			name = sample4;
			productName = sample1;
			productReference = 404885EC0E2F833000CF7658 /* sample4 */;
			productType = "com.apple.product-type.tool";
		};
		404885EE0E2F833400CF7658 /* sample5 */ = {
			isa = PBXNativeTarget;
			buildConfigurationList = 404885F60E2F833400CF7658 /* Build configuration list for PBXNativeTarget "sample5" */;
			buildPhases = (
				404885F10E2F833400CF7658 /* Sources */,
				404885F40E2F833400CF7658 /* Frameworks */,
			);
			buildRules = (
			);
			dependencies = (
				404885EF0E2F833400CF7658 /* PBXTargetDependency */,
			);
			name = sample5;
			productName = sample1;
			productReference = 404885F90E2F833400CF7658 /* sample5 */;
			productType = "com.apple.product-type.tool";
		};
		8D07F2BC0486CC7A007CD1D0 /* gtest */ = {
			isa = PBXNativeTarget;
			buildConfigurationList = 4FADC24208B4156D00ABE55E /* Build configuration list for PBXNativeTarget "gtest" */;
			buildPhases = (
				8D07F2C10486CC7A007CD1D0 /* Sources */,
				8D07F2C30486CC7A007CD1D0 /* Frameworks */,
				8D07F2BD0486CC7A007CD1D0 /* Headers */,
				404884A50E2F7C0400CF7658 /* Copy Headers Internal */,
				8D07F2BF0486CC7A007CD1D0 /* Resources */,
				8D07F2C50486CC7A007CD1D0 /* Rez */,
			);
			buildRules = (
			);
			dependencies = (
				40C44AE60E379922008FCC51 /* PBXTargetDependency */,
			);
			name = gtest;
			productInstallPath = "$(HOME)/Library/Frameworks";
			productName = gtest;
			productReference = 8D07F2C80486CC7A007CD1D0 /* gtest.framework */;
			productType = "com.apple.product-type.framework";
		};
/* End PBXNativeTarget section */

/* Begin PBXProject section */
		0867D690FE84028FC02AAC07 /* Project object */ = {
			isa = PBXProject;
			buildConfigurationList = 4FADC24608B4156D00ABE55E /* Build configuration list for PBXProject "gtest" */;
			compatibilityVersion = "Xcode 2.4";
			hasScannedForEncodings = 1;
			knownRegions = (
				English,
				Japanese,
				French,
				German,
				en,
			);
			mainGroup = 0867D691FE84028FC02AAC07 /* gtest */;
			productRefGroup = 034768DDFF38A45A11DB9C8B /* Products */;
			projectDirPath = "";
			projectRoot = "";
			targets = (
				8D07F2BC0486CC7A007CD1D0 /* gtest */,
				404885920E2F814C00CF7658 /* sample1 */,
				404885B00E2F82BA00CF7658 /* sample2 */,
				404885D40E2F832A00CF7658 /* sample3 */,
				404885E10E2F833000CF7658 /* sample4 */,
				404885EE0E2F833400CF7658 /* sample5 */,
				40C44ADC0E3798F4008FCC51 /* Version Info */,
			);
		};
/* End PBXProject section */

/* Begin PBXResourcesBuildPhase section */
		8D07F2BF0486CC7A007CD1D0 /* Resources */ = {
			isa = PBXResourcesBuildPhase;
			buildActionMask = 2147483647;
			files = (
				404884500E2F799B00CF7658 /* README in Resources */,
				404884AC0E2F7CD900CF7658 /* CHANGES in Resources */,
				404884AD0E2F7CD900CF7658 /* CONTRIBUTORS in Resources */,
				404884AE0E2F7CD900CF7658 /* COPYING in Resources */,
			);
			runOnlyForDeploymentPostprocessing = 0;
		};
/* End PBXResourcesBuildPhase section */

/* Begin PBXRezBuildPhase section */
		8D07F2C50486CC7A007CD1D0 /* Rez */ = {
			isa = PBXRezBuildPhase;
			buildActionMask = 2147483647;
			files = (
			);
			runOnlyForDeploymentPostprocessing = 0;
		};
/* End PBXRezBuildPhase section */

/* Begin PBXShellScriptBuildPhase section */
		40C44ADB0E3798F4008FCC51 /* Generate Version.h */ = {
			isa = PBXShellScriptBuildPhase;
			buildActionMask = 2147483647;
			files = (
			);
			inputPaths = (
				"$(SRCROOT)/Scripts/versiongenerate.py",
				"$(SRCROOT)/../configure.ac",
			);
			name = "Generate Version.h";
			outputPaths = (
				"$(DERIVED_FILE_DIR)/Version.h",
			);
			runOnlyForDeploymentPostprocessing = 0;
			shellPath = /bin/sh;
			shellScript = "# Remember, this \"Run Script\" build phase will be executed from $SRCROOT\n/usr/bin/python Scripts/versiongenerate.py ../ $DERIVED_FILE_DIR\n";
		};
/* End PBXShellScriptBuildPhase section */

/* Begin PBXSourcesBuildPhase section */
		404885900E2F814C00CF7658 /* Sources */ = {
			isa = PBXSourcesBuildPhase;
			buildActionMask = 2147483647;
			files = (
				404885990E2F816100CF7658 /* sample1.cc in Sources */,
				4048859B0E2F816100CF7658 /* sample1_unittest.cc in Sources */,
			);
			runOnlyForDeploymentPostprocessing = 0;
		};
		404885B30E2F82BA00CF7658 /* Sources */ = {
			isa = PBXSourcesBuildPhase;
			buildActionMask = 2147483647;
			files = (
				404885CF0E2F82F000CF7658 /* sample2.cc in Sources */,
				404885D00E2F82F000CF7658 /* sample2_unittest.cc in Sources */,
			);
			runOnlyForDeploymentPostprocessing = 0;
		};
		404885D70E2F832A00CF7658 /* Sources */ = {
			isa = PBXSourcesBuildPhase;
			buildActionMask = 2147483647;
			files = (
				404886050E2F83DF00CF7658 /* sample3_unittest.cc in Sources */,
			);
			runOnlyForDeploymentPostprocessing = 0;
		};
		404885E40E2F833000CF7658 /* Sources */ = {
			isa = PBXSourcesBuildPhase;
			buildActionMask = 2147483647;
			files = (
				404886080E2F840300CF7658 /* sample4.cc in Sources */,
				404886090E2F840300CF7658 /* sample4_unittest.cc in Sources */,
			);
			runOnlyForDeploymentPostprocessing = 0;
		};
		404885F10E2F833400CF7658 /* Sources */ = {
			isa = PBXSourcesBuildPhase;
			buildActionMask = 2147483647;
			files = (
				404886140E2F849100CF7658 /* sample1.cc in Sources */,
				4048860C0E2F840E00CF7658 /* sample5_unittest.cc in Sources */,
			);
			runOnlyForDeploymentPostprocessing = 0;
		};
		8D07F2C10486CC7A007CD1D0 /* Sources */ = {
			isa = PBXSourcesBuildPhase;
			buildActionMask = 2147483647;
			files = (
				4048845F0E2F799B00CF7658 /* gtest-death-test.cc in Sources */,
				404884600E2F799B00CF7658 /* gtest-filepath.cc in Sources */,
				404884620E2F799B00CF7658 /* gtest-port.cc in Sources */,
				404884630E2F799B00CF7658 /* gtest.cc in Sources */,
				404884640E2F799B00CF7658 /* gtest_main.cc in Sources */,
			);
			runOnlyForDeploymentPostprocessing = 0;
		};
/* End PBXSourcesBuildPhase section */

/* Begin PBXTargetDependency section */
		404885A80E2F824900CF7658 /* PBXTargetDependency */ = {
			isa = PBXTargetDependency;
			target = 8D07F2BC0486CC7A007CD1D0 /* gtest */;
			targetProxy = 404885A70E2F824900CF7658 /* PBXContainerItemProxy */;
		};
		404885B10E2F82BA00CF7658 /* PBXTargetDependency */ = {
			isa = PBXTargetDependency;
			target = 8D07F2BC0486CC7A007CD1D0 /* gtest */;
			targetProxy = 404885B20E2F82BA00CF7658 /* PBXContainerItemProxy */;
		};
		404885D50E2F832A00CF7658 /* PBXTargetDependency */ = {
			isa = PBXTargetDependency;
			target = 8D07F2BC0486CC7A007CD1D0 /* gtest */;
			targetProxy = 404885D60E2F832A00CF7658 /* PBXContainerItemProxy */;
		};
		404885E20E2F833000CF7658 /* PBXTargetDependency */ = {
			isa = PBXTargetDependency;
			target = 8D07F2BC0486CC7A007CD1D0 /* gtest */;
			targetProxy = 404885E30E2F833000CF7658 /* PBXContainerItemProxy */;
		};
		404885EF0E2F833400CF7658 /* PBXTargetDependency */ = {
			isa = PBXTargetDependency;
			target = 8D07F2BC0486CC7A007CD1D0 /* gtest */;
			targetProxy = 404885F00E2F833400CF7658 /* PBXContainerItemProxy */;
		};
		40C44AE60E379922008FCC51 /* PBXTargetDependency */ = {
			isa = PBXTargetDependency;
			target = 40C44ADC0E3798F4008FCC51 /* Version Info */;
			targetProxy = 40C44AE50E379922008FCC51 /* PBXContainerItemProxy */;
		};
/* End PBXTargetDependency section */

/* Begin XCBuildConfiguration section */
		404885950E2F814C00CF7658 /* Debug */ = {
			isa = XCBuildConfiguration;
			buildSettings = {
				INSTALL_PATH = /usr/local/bin;
				PRODUCT_NAME = sample1;
			};
			name = Debug;
		};
		404885960E2F814C00CF7658 /* Release */ = {
			isa = XCBuildConfiguration;
			buildSettings = {
				INSTALL_PATH = /usr/local/bin;
				PRODUCT_NAME = sample1;
			};
			name = Release;
		};
		404885B90E2F82BA00CF7658 /* Debug */ = {
			isa = XCBuildConfiguration;
			buildSettings = {
				INSTALL_PATH = /usr/local/bin;
				PRODUCT_NAME = sample3;
			};
			name = Debug;
		};
		404885BA0E2F82BA00CF7658 /* Release */ = {
			isa = XCBuildConfiguration;
			buildSettings = {
				INSTALL_PATH = /usr/local/bin;
				PRODUCT_NAME = sample3;
			};
			name = Release;
		};
		404885DD0E2F832A00CF7658 /* Debug */ = {
			isa = XCBuildConfiguration;
			buildSettings = {
				INSTALL_PATH = /usr/local/bin;
				PRODUCT_NAME = sample3;
			};
			name = Debug;
		};
		404885DE0E2F832A00CF7658 /* Release */ = {
			isa = XCBuildConfiguration;
			buildSettings = {
				INSTALL_PATH = /usr/local/bin;
				PRODUCT_NAME = sample3;
			};
			name = Release;
		};
		404885EA0E2F833000CF7658 /* Debug */ = {
			isa = XCBuildConfiguration;
			buildSettings = {
				INSTALL_PATH = /usr/local/bin;
				PRODUCT_NAME = sample4;
			};
			name = Debug;
		};
		404885EB0E2F833000CF7658 /* Release */ = {
			isa = XCBuildConfiguration;
			buildSettings = {
				INSTALL_PATH = /usr/local/bin;
				PRODUCT_NAME = sample4;
			};
			name = Release;
		};
		404885F70E2F833400CF7658 /* Debug */ = {
			isa = XCBuildConfiguration;
			buildSettings = {
				INSTALL_PATH = /usr/local/bin;
				PRODUCT_NAME = sample5;
			};
			name = Debug;
		};
		404885F80E2F833400CF7658 /* Release */ = {
			isa = XCBuildConfiguration;
			buildSettings = {
				INSTALL_PATH = /usr/local/bin;
				PRODUCT_NAME = sample5;
			};
			name = Release;
		};
		40C44ADF0E3798F4008FCC51 /* Debug */ = {
			isa = XCBuildConfiguration;
			buildSettings = {
				PRODUCT_NAME = gtest;
				TARGET_NAME = gtest;
			};
			name = Debug;
		};
		40C44AE00E3798F4008FCC51 /* Release */ = {
			isa = XCBuildConfiguration;
			buildSettings = {
				PRODUCT_NAME = gtest;
				TARGET_NAME = gtest;
			};
			name = Release;
		};
		4FADC24308B4156D00ABE55E /* Debug */ = {
			isa = XCBuildConfiguration;
			baseConfigurationReference = 40D4CDF20E30E07400294801 /* FrameworkTarget.xcconfig */;
			buildSettings = {
				DYLIB_COMPATIBILITY_VERSION = 1;
				DYLIB_CURRENT_VERSION = 1;
				HEADER_SEARCH_PATHS = (
					../include/,
					../,
				);
				INFOPLIST_FILE = Resources/Info.plist;
				INFOPLIST_PREFIX_HEADER = "$(DERIVED_FILE_DIR)/Version.h";
				INFOPLIST_PREPROCESS = YES;
				PRODUCT_NAME = gtest;
				VERSIONING_SYSTEM = "apple-generic";
			};
			name = Debug;
		};
		4FADC24408B4156D00ABE55E /* Release */ = {
			isa = XCBuildConfiguration;
			baseConfigurationReference = 40D4CDF20E30E07400294801 /* FrameworkTarget.xcconfig */;
			buildSettings = {
				DYLIB_COMPATIBILITY_VERSION = 1;
				DYLIB_CURRENT_VERSION = 1;
				HEADER_SEARCH_PATHS = (
					../include/,
					../,
				);
				INFOPLIST_FILE = Resources/Info.plist;
				INFOPLIST_PREFIX_HEADER = "$(DERIVED_FILE_DIR)/Version.h";
				INFOPLIST_PREPROCESS = YES;
				PRODUCT_NAME = gtest;
				VERSIONING_SYSTEM = "apple-generic";
			};
			name = Release;
		};
		4FADC24708B4156D00ABE55E /* Debug */ = {
			isa = XCBuildConfiguration;
			baseConfigurationReference = 40D4CDF10E30E07400294801 /* DebugProject.xcconfig */;
			buildSettings = {
			};
			name = Debug;
		};
		4FADC24808B4156D00ABE55E /* Release */ = {
			isa = XCBuildConfiguration;
			baseConfigurationReference = 40D4CDF40E30E07400294801 /* ReleaseProject.xcconfig */;
			buildSettings = {
			};
			name = Release;
		};
/* End XCBuildConfiguration section */

/* Begin XCConfigurationList section */
		4048859E0E2F818900CF7658 /* Build configuration list for PBXNativeTarget "sample1" */ = {
			isa = XCConfigurationList;
			buildConfigurations = (
				404885950E2F814C00CF7658 /* Debug */,
				404885960E2F814C00CF7658 /* Release */,
			);
			defaultConfigurationIsVisible = 0;
			defaultConfigurationName = Release;
		};
		404885B80E2F82BA00CF7658 /* Build configuration list for PBXNativeTarget "sample2" */ = {
			isa = XCConfigurationList;
			buildConfigurations = (
				404885B90E2F82BA00CF7658 /* Debug */,
				404885BA0E2F82BA00CF7658 /* Release */,
			);
			defaultConfigurationIsVisible = 0;
			defaultConfigurationName = Release;
		};
		404885DC0E2F832A00CF7658 /* Build configuration list for PBXNativeTarget "sample3" */ = {
			isa = XCConfigurationList;
			buildConfigurations = (
				404885DD0E2F832A00CF7658 /* Debug */,
				404885DE0E2F832A00CF7658 /* Release */,
			);
			defaultConfigurationIsVisible = 0;
			defaultConfigurationName = Release;
		};
		404885E90E2F833000CF7658 /* Build configuration list for PBXNativeTarget "sample4" */ = {
			isa = XCConfigurationList;
			buildConfigurations = (
				404885EA0E2F833000CF7658 /* Debug */,
				404885EB0E2F833000CF7658 /* Release */,
			);
			defaultConfigurationIsVisible = 0;
			defaultConfigurationName = Release;
		};
		404885F60E2F833400CF7658 /* Build configuration list for PBXNativeTarget "sample5" */ = {
			isa = XCConfigurationList;
			buildConfigurations = (
				404885F70E2F833400CF7658 /* Debug */,
				404885F80E2F833400CF7658 /* Release */,
			);
			defaultConfigurationIsVisible = 0;
			defaultConfigurationName = Release;
		};
		40C44AE40E379905008FCC51 /* Build configuration list for PBXAggregateTarget "Version Info" */ = {
			isa = XCConfigurationList;
			buildConfigurations = (
				40C44ADF0E3798F4008FCC51 /* Debug */,
				40C44AE00E3798F4008FCC51 /* Release */,
			);
			defaultConfigurationIsVisible = 0;
			defaultConfigurationName = Release;
		};
		4FADC24208B4156D00ABE55E /* Build configuration list for PBXNativeTarget "gtest" */ = {
			isa = XCConfigurationList;
			buildConfigurations = (
				4FADC24308B4156D00ABE55E /* Debug */,
				4FADC24408B4156D00ABE55E /* Release */,
			);
			defaultConfigurationIsVisible = 0;
			defaultConfigurationName = Release;
		};
		4FADC24608B4156D00ABE55E /* Build configuration list for PBXProject "gtest" */ = {
			isa = XCConfigurationList;
			buildConfigurations = (
				4FADC24708B4156D00ABE55E /* Debug */,
				4FADC24808B4156D00ABE55E /* Release */,
			);
			defaultConfigurationIsVisible = 0;
			defaultConfigurationName = Release;
		};
/* End XCConfigurationList section */
	};
	rootObject = 0867D690FE84028FC02AAC07 /* Project object */;
}
