
Microsoft Visual Studio Solution File, Format Version 9.00
# Visual Studio 2005
Project("{8BC9CEB8-8B4A-11D0-8D11-00A0C91BC942}") = "gmock", "gmock.vcproj", "{34681F0D-CE45-415D-B5F2-5C662DFE3BD5}"
EndProject
Project("{8BC9CEB8-8B4A-11D0-8D11-00A0C91BC942}") = "gmock_test", "gmock_test.vcproj", "{F10D22F8-AC7B-4213-8720-608E7D878CD2}"
EndProject
Project("{8BC9CEB8-8B4A-11D0-8D11-00A0C91BC942}") = "gmock_link_test", "gmock_link_test.vcproj", "{ED597847-A714-4327-B569-70029D2311F0}"
EndProject
Project("{8BC9CEB8-8B4A-11D0-8D11-00A0C91BC942}") = "gmock_output_test_", "gmock_output_test_.vcproj", "{EDCE4C87-C2C0-4D22-98AC-7B6466F89A15}"
EndProject
Project("{8BC9CEB8-8B4A-11D0-8D11-00A0C91BC942}") = "gmock_main", "gmock_main.vcproj", "{E4EF614B-30DF-4954-8C53-580A0BF6B589}"
EndProject
Project("{8BC9CEB8-8B4A-11D0-8D11-00A0C91BC942}") = "gmock-spec-builders_test", "gmock-spec-builders_test.vcproj", "{46972604-5BE0-4493-BAE3-878DB825FDCB}"
EndProject
Global
	GlobalSection(SolutionConfigurationPlatforms) = preSolution
		Debug|Win32 = Debug|Win32
		Release|Win32 = Release|Win32
	EndGlobalSection
	GlobalSection(ProjectConfigurationPlatforms) = postSolution
		{34681F0D-CE45-415D-B5F2-5C662DFE3BD5}.Debug|Win32.ActiveCfg = Debug|Win32
		{34681F0D-CE45-415D-B5F2-5C662DFE3BD5}.Debug|Win32.Build.0 = Debug|Win32
		{34681F0D-CE45-415D-B5F2-5C662DFE3BD5}.Release|Win32.ActiveCfg = Release|Win32
		{34681F0D-CE45-415D-B5F2-5C662DFE3BD5}.Release|Win32.Build.0 = Release|Win32
		{F10D22F8-AC7B-4213-8720-608E7D878CD2}.Debug|Win32.ActiveCfg = Debug|Win32
		{F10D22F8-AC7B-4213-8720-608E7D878CD2}.Debug|Win32.Build.0 = Debug|Win32
		{F10D22F8-AC7B-4213-8720-608E7D878CD2}.Release|Win32.ActiveCfg = Release|Win32
		{F10D22F8-AC7B-4213-8720-608E7D878CD2}.Release|Win32.Build.0 = Release|Win32
		{ED597847-A714-4327-B569-70029D2311F0}.Debug|Win32.ActiveCfg = Debug|Win32
		{ED597847-A714-4327-B569-70029D2311F0}.Debug|Win32.Build.0 = Debug|Win32
		{ED597847-A714-4327-B569-70029D2311F0}.Release|Win32.ActiveCfg = Release|Win32
		{ED597847-A714-4327-B569-70029D2311F0}.Release|Win32.Build.0 = Release|Win32
		{EDCE4C87-C2C0-4D22-98AC-7B6466F89A15}.Debug|Win32.ActiveCfg = Debug|Win32
		{EDCE4C87-C2C0-4D22-98AC-7B6466F89A15}.Debug|Win32.Build.0 = Debug|Win32
		{EDCE4C87-C2C0-4D22-98AC-7B6466F89A15}.Release|Win32.ActiveCfg = Release|Win32
		{EDCE4C87-C2C0-4D22-98AC-7B6466F89A15}.Release|Win32.Build.0 = Release|Win32
		{E4EF614B-30DF-4954-8C53-580A0BF6B589}.Debug|Win32.ActiveCfg = Debug|Win32
		{E4EF614B-30DF-4954-8C53-580A0BF6B589}.Debug|Win32.Build.0 = Debug|Win32
		{E4EF614B-30DF-4954-8C53-580A0BF6B589}.Release|Win32.ActiveCfg = Release|Win32
		{E4EF614B-30DF-4954-8C53-580A0BF6B589}.Release|Win32.Build.0 = Release|Win32
		{46972604-5BE0-4493-BAE3-878DB825FDCB}.Debug|Win32.ActiveCfg = Debug|Win32
		{46972604-5BE0-4493-BAE3-878DB825FDCB}.Debug|Win32.Build.0 = Debug|Win32
		{46972604-5BE0-4493-BAE3-878DB825FDCB}.Release|Win32.ActiveCfg = Release|Win32
		{46972604-5BE0-4493-BAE3-878DB825FDCB}.Release|Win32.Build.0 = Release|Win32
	EndGlobalSection
	GlobalSection(SolutionProperties) = preSolution
		HideSolutionNode = FALSE
	EndGlobalSection
EndGlobal
